
Microsoft Visual Studio Solution File, Format Version 12.00
# Visual Studio Version 17
VisualStudioVersion = 17.8.34330.188
MinimumVisualStudioVersion = 10.0.40219.1
Project("{2150E333-8FDC-42A3-9474-1A3956D46DE8}") = "APIs", "APIs", "{305D094C-A50D-49C6-B3FE-CD5FF00532DF}"
EndProject
Project("{2150E333-8FDC-42A3-9474-1A3956D46DE8}") = "Tests", "Tests", "{7881BC1A-9A34-40EB-86D4-CDCC2363F789}"
EndProject
Project("{9A19103F-16F7-4668-BE54-9A1E7A4F7556}") = "WebAPI", "APIs\WebAPI\WebAPI.csproj", "{1F782493-4011-41E3-A2D3-338C47B55626}"
EndProject
Project("{9A19103F-16F7-4668-BE54-9A1E7A4F7556}") = "MobileAPI", "APIs\MobileAPI\MobileAPI.csproj", "{66045018-F003-494A-8DDD-66817EB3A7A4}"
EndProject
Project("{9A19103F-16F7-4668-BE54-9A1E7A4F7556}") = "Domain", "APIs\Domain\Domain.csproj", "{B546E75E-59E5-48FB-A807-D104E2D12F2F}"
EndProject
Project("{9A19103F-16F7-4668-BE54-9A1E7A4F7556}") = "Application", "APIs\Application\Application.csproj", "{440FB829-4F38-46AA-8843-686FB2E3DF23}"
EndProject
Project("{9A19103F-16F7-4668-BE54-9A1E7A4F7556}") = "Infrastructure", "APIs\Infrastructure\Infrastructure.csproj", "{E7829A46-80DE-408F-B7CD-EA1189E1BF1C}"
EndProject
Project("{9A19103F-16F7-4668-BE54-9A1E7A4F7556}") = "Backend.Domain.Test", "Tests\Backend.Domain.Test\Backend.Domain.Test.csproj", "{AD76FE82-549A-4ED6-BEBB-6963D73599CD}"
EndProject
Project("{9A19103F-16F7-4668-BE54-9A1E7A4F7556}") = "Backend.Application.Test", "Tests\Backend.Application.Test\Backend.Application.Test.csproj", "{B43AA0FE-B872-4609-B224-E988BB83D8FD}"
EndProject
Project("{9A19103F-16F7-4668-BE54-9A1E7A4F7556}") = "Backend.Infratructure.Test", "Tests\Backend.Infratructure.Test\Backend.Infratructure.Test.csproj", "{04804467-9B51-43DA-AE84-4D826D4E6064}"
EndProject
Project("{E53339B2-1760-4266-BCC7-CA923CBCF16C}") = "docker-compose", "docker-compose.dcproj", "{FF282BF2-56D8-4953-A530-CA9DB1F759E6}"
EndProject
Global
	GlobalSection(SolutionConfigurationPlatforms) = preSolution
		Debug|Any CPU = Debug|Any CPU
		Release|Any CPU = Release|Any CPU
	EndGlobalSection
	GlobalSection(ProjectConfigurationPlatforms) = postSolution
		{1F782493-4011-41E3-A2D3-338C47B55626}.Debug|Any CPU.ActiveCfg = Debug|Any CPU
		{1F782493-4011-41E3-A2D3-338C47B55626}.Debug|Any CPU.Build.0 = Debug|Any CPU
		{1F782493-4011-41E3-A2D3-338C47B55626}.Release|Any CPU.ActiveCfg = Release|Any CPU
		{1F782493-4011-41E3-A2D3-338C47B55626}.Release|Any CPU.Build.0 = Release|Any CPU
		{66045018-F003-494A-8DDD-66817EB3A7A4}.Debug|Any CPU.ActiveCfg = Debug|Any CPU
		{66045018-F003-494A-8DDD-66817EB3A7A4}.Debug|Any CPU.Build.0 = Debug|Any CPU
		{66045018-F003-494A-8DDD-66817EB3A7A4}.Release|Any CPU.ActiveCfg = Release|Any CPU
		{66045018-F003-494A-8DDD-66817EB3A7A4}.Release|Any CPU.Build.0 = Release|Any CPU
		{B546E75E-59E5-48FB-A807-D104E2D12F2F}.Debug|Any CPU.ActiveCfg = Debug|Any CPU
		{B546E75E-59E5-48FB-A807-D104E2D12F2F}.Debug|Any CPU.Build.0 = Debug|Any CPU
		{B546E75E-59E5-48FB-A807-D104E2D12F2F}.Release|Any CPU.ActiveCfg = Release|Any CPU
		{B546E75E-59E5-48FB-A807-D104E2D12F2F}.Release|Any CPU.Build.0 = Release|Any CPU
		{440FB829-4F38-46AA-8843-686FB2E3DF23}.Debug|Any CPU.ActiveCfg = Debug|Any CPU
		{440FB829-4F38-46AA-8843-686FB2E3DF23}.Debug|Any CPU.Build.0 = Debug|Any CPU
		{440FB829-4F38-46AA-8843-686FB2E3DF23}.Release|Any CPU.ActiveCfg = Release|Any CPU
		{440FB829-4F38-46AA-8843-686FB2E3DF23}.Release|Any CPU.Build.0 = Release|Any CPU
		{E7829A46-80DE-408F-B7CD-EA1189E1BF1C}.Debug|Any CPU.ActiveCfg = Debug|Any CPU
		{E7829A46-80DE-408F-B7CD-EA1189E1BF1C}.Debug|Any CPU.Build.0 = Debug|Any CPU
		{E7829A46-80DE-408F-B7CD-EA1189E1BF1C}.Release|Any CPU.ActiveCfg = Release|Any CPU
		{E7829A46-80DE-408F-B7CD-EA1189E1BF1C}.Release|Any CPU.Build.0 = Release|Any CPU
		{AD76FE82-549A-4ED6-BEBB-6963D73599CD}.Debug|Any CPU.ActiveCfg = Debug|Any CPU
		{AD76FE82-549A-4ED6-BEBB-6963D73599CD}.Debug|Any CPU.Build.0 = Debug|Any CPU
		{AD76FE82-549A-4ED6-BEBB-6963D73599CD}.Release|Any CPU.ActiveCfg = Release|Any CPU
		{AD76FE82-549A-4ED6-BEBB-6963D73599CD}.Release|Any CPU.Build.0 = Release|Any CPU
		{B43AA0FE-B872-4609-B224-E988BB83D8FD}.Debug|Any CPU.ActiveCfg = Debug|Any CPU
		{B43AA0FE-B872-4609-B224-E988BB83D8FD}.Debug|Any CPU.Build.0 = Debug|Any CPU
		{B43AA0FE-B872-4609-B224-E988BB83D8FD}.Release|Any CPU.ActiveCfg = Release|Any CPU
		{B43AA0FE-B872-4609-B224-E988BB83D8FD}.Release|Any CPU.Build.0 = Release|Any CPU
		{04804467-9B51-43DA-AE84-4D826D4E6064}.Debug|Any CPU.ActiveCfg = Debug|Any CPU
		{04804467-9B51-43DA-AE84-4D826D4E6064}.Debug|Any CPU.Build.0 = Debug|Any CPU
		{04804467-9B51-43DA-AE84-4D826D4E6064}.Release|Any CPU.ActiveCfg = Release|Any CPU
		{04804467-9B51-43DA-AE84-4D826D4E6064}.Release|Any CPU.Build.0 = Release|Any CPU
		{FF282BF2-56D8-4953-A530-CA9DB1F759E6}.Debug|Any CPU.ActiveCfg = Debug|Any CPU
		{FF282BF2-56D8-4953-A530-CA9DB1F759E6}.Debug|Any CPU.Build.0 = Debug|Any CPU
		{FF282BF2-56D8-4953-A530-CA9DB1F759E6}.Release|Any CPU.ActiveCfg = Release|Any CPU
		{FF282BF2-56D8-4953-A530-CA9DB1F759E6}.Release|Any CPU.Build.0 = Release|Any CPU
	EndGlobalSection
	GlobalSection(SolutionProperties) = preSolution
		HideSolutionNode = FALSE
	EndGlobalSection
	GlobalSection(NestedProjects) = preSolution
		{1F782493-4011-41E3-A2D3-338C47B55626} = {305D094C-A50D-49C6-B3FE-CD5FF00532DF}
		{66045018-F003-494A-8DDD-66817EB3A7A4} = {305D094C-A50D-49C6-B3FE-CD5FF00532DF}
		{B546E75E-59E5-48FB-A807-D104E2D12F2F} = {305D094C-A50D-49C6-B3FE-CD5FF00532DF}
		{440FB829-4F38-46AA-8843-686FB2E3DF23} = {305D094C-A50D-49C6-B3FE-CD5FF00532DF}
		{E7829A46-80DE-408F-B7CD-EA1189E1BF1C} = {305D094C-A50D-49C6-B3FE-CD5FF00532DF}
		{AD76FE82-549A-4ED6-BEBB-6963D73599CD} = {7881BC1A-9A34-40EB-86D4-CDCC2363F789}
		{B43AA0FE-B872-4609-B224-E988BB83D8FD} = {7881BC1A-9A34-40EB-86D4-CDCC2363F789}
		{04804467-9B51-43DA-AE84-4D826D4E6064} = {7881BC1A-9A34-40EB-86D4-CDCC2363F789}
	EndGlobalSection
	GlobalSection(ExtensibilityGlobals) = postSolution
		SolutionGuid = {23C04E71-C17F-4F4C-9C49-00CE9C40D854}
	EndGlobalSection
EndGlobal
